// !$*UTF8*$!
{
	archiveVersion = 1;
	classes = {
	};
	objectVersion = 56;
	objects = {

/* Begin PBXBuildFile section */
		CC2786E528E616A000AFA409 /* AppDelegate.swift in Sources */ = {isa = PBXBuildFile; fileRef = CC2786E428E616A000AFA409 /* AppDelegate.swift */; };
		CC2786E728E616A000AFA409 /* SceneDelegate.swift in Sources */ = {isa = PBXBuildFile; fileRef = CC2786E628E616A000AFA409 /* SceneDelegate.swift */; };
		CC2786E928E616A000AFA409 /* ViewController.swift in Sources */ = {isa = PBXBuildFile; fileRef = CC2786E828E616A000AFA409 /* ViewController.swift */; };
		CC2786EE28E616A100AFA409 /* Assets.xcassets in Resources */ = {isa = PBXBuildFile; fileRef = CC2786ED28E616A100AFA409 /* Assets.xcassets */; };
		CC2786F128E616A100AFA409 /* LaunchScreen.storyboard in Resources */ = {isa = PBXBuildFile; fileRef = CC2786EF28E616A100AFA409 /* LaunchScreen.storyboard */; };
		CC2786F928E6180100AFA409 /* CALayerShadow.swift in Sources */ = {isa = PBXBuildFile; fileRef = CC2786F828E6180100AFA409 /* CALayerShadow.swift */; };
		CC2786FB28E6182E00AFA409 /* UISwiftPin.swift in Sources */ = {isa = PBXBuildFile; fileRef = CC2786FA28E6182E00AFA409 /* UISwiftPin.swift */; };
		CC2786FD28E6192D00AFA409 /* ColorPaletteView.swift in Sources */ = {isa = PBXBuildFile; fileRef = CC2786FC28E6192D00AFA409 /* ColorPaletteView.swift */; };
		CC2786FF28E61FC400AFA409 /* UIColorComponents.swift in Sources */ = {isa = PBXBuildFile; fileRef = CC2786FE28E61FC400AFA409 /* UIColorComponents.swift */; };
/* End PBXBuildFile section */

/* Begin PBXFileReference section */
		CC2786E128E616A000AFA409 /* evshelemekhPW3.app */ = {isa = PBXFileReference; explicitFileType = wrapper.application; includeInIndex = 0; path = evshelemekhPW3.app; sourceTree = BUILT_PRODUCTS_DIR; };
		CC2786E428E616A000AFA409 /* AppDelegate.swift */ = {isa = PBXFileReference; lastKnownFileType = sourcecode.swift; path = AppDelegate.swift; sourceTree = "<group>"; };
		CC2786E628E616A000AFA409 /* SceneDelegate.swift */ = {isa = PBXFileReference; lastKnownFileType = sourcecode.swift; path = SceneDelegate.swift; sourceTree = "<group>"; };
		CC2786E828E616A000AFA409 /* ViewController.swift */ = {isa = PBXFileReference; lastKnownFileType = sourcecode.swift; path = ViewController.swift; sourceTree = "<group>"; };
		CC2786ED28E616A100AFA409 /* Assets.xcassets */ = {isa = PBXFileReference; lastKnownFileType = folder.assetcatalog; path = Assets.xcassets; sourceTree = "<group>"; };
		CC2786F028E616A100AFA409 /* Base */ = {isa = PBXFileReference; lastKnownFileType = file.storyboard; name = Base; path = Base.lproj/LaunchScreen.storyboard; sourceTree = "<group>"; };
		CC2786F228E616A100AFA409 /* Info.plist */ = {isa = PBXFileReference; lastKnownFileType = text.plist.xml; path = Info.plist; sourceTree = "<group>"; };
		CC2786F828E6180100AFA409 /* CALayerShadow.swift */ = {isa = PBXFileReference; lastKnownFileType = sourcecode.swift; path = CALayerShadow.swift; sourceTree = "<group>"; };
		CC2786FA28E6182E00AFA409 /* UISwiftPin.swift */ = {isa = PBXFileReference; lastKnownFileType = sourcecode.swift; path = UISwiftPin.swift; sourceTree = "<group>"; };
		CC2786FC28E6192D00AFA409 /* ColorPaletteView.swift */ = {isa = PBXFileReference; lastKnownFileType = sourcecode.swift; path = ColorPaletteView.swift; sourceTree = "<group>"; };
		CC2786FE28E61FC400AFA409 /* UIColorComponents.swift */ = {isa = PBXFileReference; lastKnownFileType = sourcecode.swift; path = UIColorComponents.swift; sourceTree = "<group>"; };
/* End PBXFileReference section */

/* Begin PBXFrameworksBuildPhase section */
		CC2786DE28E616A000AFA409 /* Frameworks */ = {
			isa = PBXFrameworksBuildPhase;
			buildActionMask = 2147483647;
			files = (
			);
			runOnlyForDeploymentPostprocessing = 0;
		};
/* End PBXFrameworksBuildPhase section */

/* Begin PBXGroup section */
		CC2786D828E616A000AFA409 = {
			isa = PBXGroup;
			children = (
				CC2786E328E616A000AFA409 /* evshelemekhPW3 */,
				CC2786E228E616A000AFA409 /* Products */,
			);
			sourceTree = "<group>";
		};
		CC2786E228E616A000AFA409 /* Products */ = {
			isa = PBXGroup;
			children = (
				CC2786E128E616A000AFA409 /* evshelemekhPW3.app */,
			);
			name = Products;
			sourceTree = "<group>";
		};
		CC2786E328E616A000AFA409 /* evshelemekhPW3 */ = {
			isa = PBXGroup;
			children = (
				CC2786E428E616A000AFA409 /* AppDelegate.swift */,
				CC2786E628E616A000AFA409 /* SceneDelegate.swift */,
				CC2786E828E616A000AFA409 /* ViewController.swift */,
				CC2786ED28E616A100AFA409 /* Assets.xcassets */,
				CC2786EF28E616A100AFA409 /* LaunchScreen.storyboard */,
				CC2786F228E616A100AFA409 /* Info.plist */,
				CC2786F828E6180100AFA409 /* CALayerShadow.swift */,
				CC2786FA28E6182E00AFA409 /* UISwiftPin.swift */,
				CC2786FC28E6192D00AFA409 /* ColorPaletteView.swift */,
				CC2786FE28E61FC400AFA409 /* UIColorComponents.swift */,
			);
			path = evshelemekhPW3;
			sourceTree = "<group>";
		};
/* End PBXGroup section */

/* Begin PBXNativeTarget section */
		CC2786E028E616A000AFA409 /* evshelemekhPW3 */ = {
			isa = PBXNativeTarget;
			buildConfigurationList = CC2786F528E616A100AFA409 /* Build configuration list for PBXNativeTarget "evshelemekhPW3" */;
			buildPhases = (
				CC2786DD28E616A000AFA409 /* Sources */,
				CC2786DE28E616A000AFA409 /* Frameworks */,
				CC2786DF28E616A000AFA409 /* Resources */,
			);
			buildRules = (
			);
			dependencies = (
			);
			name = evshelemekhPW3;
			productName = evshelemekhPW3;
			productReference = CC2786E128E616A000AFA409 /* evshelemekhPW3.app */;
			productType = "com.apple.product-type.application";
		};
/* End PBXNativeTarget section */

/* Begin PBXProject section */
		CC2786D928E616A000AFA409 /* Project object */ = {
			isa = PBXProject;
			attributes = {
				BuildIndependentTargetsInParallel = 1;
				LastSwiftUpdateCheck = 1400;
				LastUpgradeCheck = 1400;
				TargetAttributes = {
					CC2786E028E616A000AFA409 = {
						CreatedOnToolsVersion = 14.0;
					};
				};
			};
			buildConfigurationList = CC2786DC28E616A000AFA409 /* Build configuration list for PBXProject "evshelemekhPW3" */;
			compatibilityVersion = "Xcode 14.0";
			developmentRegion = en;
			hasScannedForEncodings = 0;
			knownRegions = (
				en,
				Base,
			);
			mainGroup = CC2786D828E616A000AFA409;
			productRefGroup = CC2786E228E616A000AFA409 /* Products */;
			projectDirPath = "";
			projectRoot = "";
			targets = (
				CC2786E028E616A000AFA409 /* evshelemekhPW3 */,
			);
		};
/* End PBXProject section */

/* Begin PBXResourcesBuildPhase section */
		CC2786DF28E616A000AFA409 /* Resources */ = {
			isa = PBXResourcesBuildPhase;
			buildActionMask = 2147483647;
			files = (
				CC2786F128E616A100AFA409 /* LaunchScreen.storyboard in Resources */,
				CC2786EE28E616A100AFA409 /* Assets.xcassets in Resources */,
			);
			runOnlyForDeploymentPostprocessing = 0;
		};
/* End PBXResourcesBuildPhase section */

/* Begin PBXSourcesBuildPhase section */
		CC2786DD28E616A000AFA409 /* Sources */ = {
			isa = PBXSourcesBuildPhase;
			buildActionMask = 2147483647;
			files = (
				CC2786E928E616A000AFA409 /* ViewController.swift in Sources */,
				CC2786F928E6180100AFA409 /* CALayerShadow.swift in Sources */,
				CC2786E528E616A000AFA409 /* AppDelegate.swift in Sources */,
				CC2786FF28E61FC400AFA409 /* UIColorComponents.swift in Sources */,
				CC2786FB28E6182E00AFA409 /* UISwiftPin.swift in Sources */,
				CC2786FD28E6192D00AFA409 /* ColorPaletteView.swift in Sources */,
				CC2786E728E616A000AFA409 /* SceneDelegate.swift in Sources */,
			);
			runOnlyForDeploymentPostprocessing = 0;
		};
/* End PBXSourcesBuildPhase section */

/* Begin PBXVariantGroup section */
		CC2786EF28E616A100AFA409 /* LaunchScreen.storyboard */ = {
			isa = PBXVariantGroup;
			children = (
				CC2786F028E616A100AFA409 /* Base */,
			);
			name = LaunchScreen.storyboard;
			sourceTree = "<group>";
		};
/* End PBXVariantGroup section */

/* Begin XCBuildConfiguration section */
		CC2786F328E616A100AFA409 /* Debug */ = {
			isa = XCBuildConfiguration;
			buildSettings = {
				ALWAYS_SEARCH_USER_PATHS = NO;
				CLANG_ANALYZER_NONNULL = YES;
				CLANG_ANALYZER_NUMBER_OBJECT_CONVERSION = YES_AGGRESSIVE;
				CLANG_CXX_LANGUAGE_STANDARD = "gnu++20";
				CLANG_ENABLE_MODULES = YES;
				CLANG_ENABLE_OBJC_ARC = YES;
				CLANG_ENABLE_OBJC_WEAK = YES;
				CLANG_WARN_BLOCK_CAPTURE_AUTORELEASING = YES;
				CLANG_WARN_BOOL_CONVERSION = YES;
				CLANG_WARN_COMMA = YES;
				CLANG_WARN_CONSTANT_CONVERSION = YES;
				CLANG_WARN_DEPRECATED_OBJC_IMPLEMENTATIONS = YES;
				CLANG_WARN_DIRECT_OBJC_ISA_USAGE = YES_ERROR;
				CLANG_WARN_DOCUMENTATION_COMMENTS = YES;
				CLANG_WARN_EMPTY_BODY = YES;
				CLANG_WARN_ENUM_CONVERSION = YES;
				CLANG_WARN_INFINITE_RECURSION = YES;
				CLANG_WARN_INT_CONVERSION = YES;
				CLANG_WARN_NON_LITERAL_NULL_CONVERSION = YES;
				CLANG_WARN_OBJC_IMPLICIT_RETAIN_SELF = YES;
				CLANG_WARN_OBJC_LITERAL_CONVERSION = YES;
				CLANG_WARN_OBJC_ROOT_CLASS = YES_ERROR;
				CLANG_WARN_QUOTED_INCLUDE_IN_FRAMEWORK_HEADER = YES;
				CLANG_WARN_RANGE_LOOP_ANALYSIS = YES;
				CLANG_WARN_STRICT_PROTOTYPES = YES;
				CLANG_WARN_SUSPICIOUS_MOVE = YES;
				CLANG_WARN_UNGUARDED_AVAILABILITY = YES_AGGRESSIVE;
				CLANG_WARN_UNREACHABLE_CODE = YES;
				CLANG_WARN__DUPLICATE_METHOD_MATCH = YES;
				COPY_PHASE_STRIP = NO;
				DEBUG_INFORMATION_FORMAT = dwarf;
				ENABLE_STRICT_OBJC_MSGSEND = YES;
				ENABLE_TESTABILITY = YES;
				GCC_C_LANGUAGE_STANDARD = gnu11;
				GCC_DYNAMIC_NO_PIC = NO;
				GCC_NO_COMMON_BLOCKS = YES;
				GCC_OPTIMIZATION_LEVEL = 0;
				GCC_PREPROCESSOR_DEFINITIONS = (
					"DEBUG=1",
					"$(inherited)",
				);
				GCC_WARN_64_TO_32_BIT_CONVERSION = YES;
				GCC_WARN_ABOUT_RETURN_TYPE = YES_ERROR;
				GCC_WARN_UNDECLARED_SELECTOR = YES;
				GCC_WARN_UNINITIALIZED_AUTOS = YES_AGGRESSIVE;
				GCC_WARN_UNUSED_FUNCTION = YES;
				GCC_WARN_UNUSED_VARIABLE = YES;
				IPHONEOS_DEPLOYMENT_TARGET = 16.0;
				MTL_ENABLE_DEBUG_INFO = INCLUDE_SOURCE;
				MTL_FAST_MATH = YES;
				ONLY_ACTIVE_ARCH = YES;
				SDKROOT = iphoneos;
				SWIFT_ACTIVE_COMPILATION_CONDITIONS = DEBUG;
				SWIFT_OPTIMIZATION_LEVEL = "-Onone";
			};
			name = Debug;
		};
		CC2786F428E616A100AFA409 /* Release */ = {
			isa = XCBuildConfiguration;
			buildSettings = {
				ALWAYS_SEARCH_USER_PATHS = NO;
				CLANG_ANALYZER_NONNULL = YES;
				CLANG_ANALYZER_NUMBER_OBJECT_CONVERSION = YES_AGGRESSIVE;
				CLANG_CXX_LANGUAGE_STANDARD = "gnu++20";
				CLANG_ENABLE_MODULES = YES;
				CLANG_ENABLE_OBJC_ARC = YES;
				CLANG_ENABLE_OBJC_WEAK = YES;
				CLANG_WARN_BLOCK_CAPTURE_AUTORELEASING = YES;
				CLANG_WARN_BOOL_CONVERSION = YES;
				CLANG_WARN_COMMA = YES;
				CLANG_WARN_CONSTANT_CONVERSION = YES;
				CLANG_WARN_DEPRECATED_OBJC_IMPLEMENTATIONS = YES;
				CLANG_WARN_DIRECT_OBJC_ISA_USAGE = YES_ERROR;
				CLANG_WARN_DOCUMENTATION_COMMENTS = YES;
				CLANG_WARN_EMPTY_BODY = YES;
				CLANG_WARN_ENUM_CONVERSION = YES;
				CLANG_WARN_INFINITE_RECURSION = YES;
				CLANG_WARN_INT_CONVERSION = YES;
				CLANG_WARN_NON_LITERAL_NULL_CONVERSION = YES;
				CLANG_WARN_OBJC_IMPLICIT_RETAIN_SELF = YES;
				CLANG_WARN_OBJC_LITERAL_CONVERSION = YES;
				CLANG_WARN_OBJC_ROOT_CLASS = YES_ERROR;
				CLANG_WARN_QUOTED_INCLUDE_IN_FRAMEWORK_HEADER = YES;
				CLANG_WARN_RANGE_LOOP_ANALYSIS = YES;
				CLANG_WARN_STRICT_PROTOTYPES = YES;
				CLANG_WARN_SUSPICIOUS_MOVE = YES;
				CLANG_WARN_UNGUARDED_AVAILABILITY = YES_AGGRESSIVE;
				CLANG_WARN_UNREACHABLE_CODE = YES;
				CLANG_WARN__DUPLICATE_METHOD_MATCH = YES;
				COPY_PHASE_STRIP = NO;
				DEBUG_INFORMATION_FORMAT = "dwarf-with-dsym";
				ENABLE_NS_ASSERTIONS = NO;
				ENABLE_STRICT_OBJC_MSGSEND = YES;
				GCC_C_LANGUAGE_STANDARD = gnu11;
				GCC_NO_COMMON_BLOCKS = YES;
				GCC_WARN_64_TO_32_BIT_CONVERSION = YES;
				GCC_WARN_ABOUT_RETURN_TYPE = YES_ERROR;
				GCC_WARN_UNDECLARED_SELECTOR = YES;
				GCC_WARN_UNINITIALIZED_AUTOS = YES_AGGRESSIVE;
				GCC_WARN_UNUSED_FUNCTION = YES;
				GCC_WARN_UNUSED_VARIABLE = YES;
				IPHONEOS_DEPLOYMENT_TARGET = 16.0;
				MTL_ENABLE_DEBUG_INFO = NO;
				MTL_FAST_MATH = YES;
				SDKROOT = iphoneos;
				SWIFT_COMPILATION_MODE = wholemodule;
				SWIFT_OPTIMIZATION_LEVEL = "-O";
				VALIDATE_PRODUCT = YES;
			};
			name = Release;
		};
		CC2786F628E616A100AFA409 /* Debug */ = {
			isa = XCBuildConfiguration;
			buildSettings = {
				ASSETCATALOG_COMPILER_APPICON_NAME = AppIcon;
				ASSETCATALOG_COMPILER_GLOBAL_ACCENT_COLOR_NAME = AccentColor;
				CODE_SIGN_STYLE = Automatic;
				CURRENT_PROJECT_VERSION = 1;
				GENERATE_INFOPLIST_FILE = YES;
				INFOPLIST_FILE = evshelemekhPW3/Info.plist;
				INFOPLIST_KEY_UIApplicationSupportsIndirectInputEvents = YES;
				INFOPLIST_KEY_UILaunchStoryboardName = LaunchScreen;
				INFOPLIST_KEY_UIMainStoryboardFile = "";
				INFOPLIST_KEY_UISupportedInterfaceOrientations_iPad = "UIInterfaceOrientationPortrait UIInterfaceOrientationPortraitUpsideDown UIInterfaceOrientationLandscapeLeft UIInterfaceOrientationLandscapeRight";
				INFOPLIST_KEY_UISupportedInterfaceOrientations_iPhone = "UIInterfaceOrientationPortrait UIInterfaceOrientationLandscapeLeft UIInterfaceOrientationLandscapeRight";
				IPHONEOS_DEPLOYMENT_TARGET = 15.0;
				LD_RUNPATH_SEARCH_PATHS = (
					"$(inherited)",
					"@executable_path/Frameworks",
				);
				MARKETING_VERSION = 1.0;
				PRODUCT_BUNDLE_IDENTIFIER = com.exp.evshelemekhPW3;
				PRODUCT_NAME = "$(TARGET_NAME)";
				SWIFT_EMIT_LOC_STRINGS = YES;
				SWIFT_VERSION = 5.0;
				TARGETED_DEVICE_FAMILY = "1,2";
			};
			name = Debug;
		};
		CC2786F728E616A100AFA409 /* Release */ = {
			isa = XCBuildConfiguration;
			buildSettings = {
				ASSETCATALOG_COMPILER_APPICON_NAME = AppIcon;
				ASSETCATALOG_COMPILER_GLOBAL_ACCENT_COLOR_NAME = AccentColor;
				CODE_SIGN_STYLE = Automatic;
				CURRENT_PROJECT_VERSION = 1;
				GENERATE_INFOPLIST_FILE = YES;
				INFOPLIST_FILE = evshelemekhPW3/Info.plist;
				INFOPLIST_KEY_UIApplicationSupportsIndirectInputEvents = YES;
				INFOPLIST_KEY_UILaunchStoryboardName = LaunchScreen;
				INFOPLIST_KEY_UIMainStoryboardFile = "";
				INFOPLIST_KEY_UISupportedInterfaceOrientations_iPad = "UIInterfaceOrientationPortrait UIInterfaceOrientationPortraitUpsideDown UIInterfaceOrientationLandscapeLeft UIInterfaceOrientationLandscapeRight";
				INFOPLIST_KEY_UISupportedInterfaceOrientations_iPhone = "UIInterfaceOrientationPortrait UIInterfaceOrientationLandscapeLeft UIInterfaceOrientationLandscapeRight";
				IPHONEOS_DEPLOYMENT_TARGET = 15.0;
				LD_RUNPATH_SEARCH_PATHS = (
					"$(inherited)",
					"@executable_path/Frameworks",
				);
				MARKETING_VERSION = 1.0;
				PRODUCT_BUNDLE_IDENTIFIER = com.exp.evshelemekhPW3;
				PRODUCT_NAME = "$(TARGET_NAME)";
				SWIFT_EMIT_LOC_STRINGS = YES;
				SWIFT_VERSION = 5.0;
				TARGETED_DEVICE_FAMILY = "1,2";
			};
			name = Release;
		};
/* End XCBuildConfiguration section */

/* Begin XCConfigurationList section */
		CC2786DC28E616A000AFA409 /* Build configuration list for PBXProject "evshelemekhPW3" */ = {
			isa = XCConfigurationList;
			buildConfigurations = (
				CC2786F328E616A100AFA409 /* Debug */,
				CC2786F428E616A100AFA409 /* Release */,
			);
			defaultConfigurationIsVisible = 0;
			defaultConfigurationName = Release;
		};
		CC2786F528E616A100AFA409 /* Build configuration list for PBXNativeTarget "evshelemekhPW3" */ = {
			isa = XCConfigurationList;
			buildConfigurations = (
				CC2786F628E616A100AFA409 /* Debug */,
				CC2786F728E616A100AFA409 /* Release */,
			);
			defaultConfigurationIsVisible = 0;
			defaultConfigurationName = Release;
		};
/* End XCConfigurationList section */
	};
	rootObject = CC2786D928E616A000AFA409 /* Project object */;
}
